
Microsoft Visual Studio Solution File, Format Version 12.00
# Visual Studio Version 16
VisualStudioVersion = 16.0.32407.337
MinimumVisualStudioVersion = 10.0.40219.1
Project("{FAE04EC0-301F-11D3-BF4B-00C04F79EFBC}") = "BankingKata", "BankingKata\BankingKata.csproj", "{C926762A-BB2D-421C-B1F0-7EEA02DB4F57}"
EndProject
Project("{FAE04EC0-301F-11D3-BF4B-00C04F79EFBC}") = "BankingKataTests", "BankingKataTests\BankingKataTests.csproj", "{19397C0E-3E9B-4954-9CD1-2B49A9CC24F4}"
EndProject
Global
	GlobalSection(SolutionConfigurationPlatforms) = preSolution
		Debug|Any CPU = Debug|Any CPU
		Release|Any CPU = Release|Any CPU
	EndGlobalSection
	GlobalSection(ProjectConfigurationPlatforms) = postSolution
		{C926762A-BB2D-421C-B1F0-7EEA02DB4F57}.Debug|Any CPU.ActiveCfg = Debug|Any CPU
		{C926762A-BB2D-421C-B1F0-7EEA02DB4F57}.Debug|Any CPU.Build.0 = Debug|Any CPU
		{C926762A-BB2D-421C-B1F0-7EEA02DB4F57}.Release|Any CPU.ActiveCfg = Release|Any CPU
		{C926762A-BB2D-421C-B1F0-7EEA02DB4F57}.Release|Any CPU.Build.0 = Release|Any CPU
		{19397C0E-3E9B-4954-9CD1-2B49A9CC24F4}.Debug|Any CPU.ActiveCfg = Debug|Any CPU
		{19397C0E-3E9B-4954-9CD1-2B49A9CC24F4}.Debug|Any CPU.Build.0 = Debug|Any CPU
		{19397C0E-3E9B-4954-9CD1-2B49A9CC24F4}.Release|Any CPU.ActiveCfg = Release|Any CPU
		{19397C0E-3E9B-4954-9CD1-2B49A9CC24F4}.Release|Any CPU.Build.0 = Release|Any CPU
	EndGlobalSection
	GlobalSection(SolutionProperties) = preSolution
		HideSolutionNode = FALSE
	EndGlobalSection
	GlobalSection(ExtensibilityGlobals) = postSolution
		SolutionGuid = {8FE6571C-A7E1-4F42-91DE-575DE266A6D1}
	EndGlobalSection
EndGlobal
